
Microsoft Visual Studio Solution File, Format Version 11.00
# Visual Studio 2010
Project("{FAE04EC0-301F-11D3-BF4B-00C04F79EFBC}") = "Assembly-CSharp", "Assembly-CSharp.csproj", "{0c6a88b7-9b10-0017-7c0d-d1c42a0f031f}"
EndProject
Project("{FAE04EC0-301F-11D3-BF4B-00C04F79EFBC}") = "Boxophobic.Utils.Scripts", "Boxophobic.Utils.Scripts.csproj", "{42f66bd8-9af5-d6b2-bf5d-5c9748de63c1}"
EndProject
Project("{FAE04EC0-301F-11D3-BF4B-00C04F79EFBC}") = "Meryel.CodeAssist.Editor", "Meryel.CodeAssist.Editor.csproj", "{2a610576-6380-2d5b-e8f6-cebc612d50ad}"
EndProject
Project("{FAE04EC0-301F-11D3-BF4B-00C04F79EFBC}") = "Boxophobic.Utils.Editor", "Boxophobic.Utils.Editor.csproj", "{e1448737-ea03-4d26-abaa-1121926b5ecb}"
EndProject
Project("{FAE04EC0-301F-11D3-BF4B-00C04F79EFBC}") = "Boxophobic.SkyboxCubemapExtended.Editor", "Boxophobic.SkyboxCubemapExtended.Editor.csproj", "{43d463f3-e603-1d11-4fce-322b9548bed3}"
EndProject
Project("{FAE04EC0-301F-11D3-BF4B-00C04F79EFBC}") = "Assembly-CSharp-Editor", "Assembly-CSharp-Editor.csproj", "{1c53c615-a76f-55e4-d52d-c0275d55f408}"
EndProject
Global
	GlobalSection(SolutionConfigurationPlatforms) = preSolution
		Debug|Any CPU = Debug|Any CPU
	EndGlobalSection
	GlobalSection(ProjectConfigurationPlatforms) = postSolution
		{0c6a88b7-9b10-0017-7c0d-d1c42a0f031f}.Debug|Any CPU.ActiveCfg = Debug|Any CPU
		{0c6a88b7-9b10-0017-7c0d-d1c42a0f031f}.Debug|Any CPU.Build.0 = Debug|Any CPU
		{42f66bd8-9af5-d6b2-bf5d-5c9748de63c1}.Debug|Any CPU.ActiveCfg = Debug|Any CPU
		{42f66bd8-9af5-d6b2-bf5d-5c9748de63c1}.Debug|Any CPU.Build.0 = Debug|Any CPU
		{2a610576-6380-2d5b-e8f6-cebc612d50ad}.Debug|Any CPU.ActiveCfg = Debug|Any CPU
		{2a610576-6380-2d5b-e8f6-cebc612d50ad}.Debug|Any CPU.Build.0 = Debug|Any CPU
		{e1448737-ea03-4d26-abaa-1121926b5ecb}.Debug|Any CPU.ActiveCfg = Debug|Any CPU
		{e1448737-ea03-4d26-abaa-1121926b5ecb}.Debug|Any CPU.Build.0 = Debug|Any CPU
		{43d463f3-e603-1d11-4fce-322b9548bed3}.Debug|Any CPU.ActiveCfg = Debug|Any CPU
		{43d463f3-e603-1d11-4fce-322b9548bed3}.Debug|Any CPU.Build.0 = Debug|Any CPU
		{1c53c615-a76f-55e4-d52d-c0275d55f408}.Debug|Any CPU.ActiveCfg = Debug|Any CPU
		{1c53c615-a76f-55e4-d52d-c0275d55f408}.Debug|Any CPU.Build.0 = Debug|Any CPU
	EndGlobalSection
	GlobalSection(SolutionProperties) = preSolution
		HideSolutionNode = FALSE
	EndGlobalSection
EndGlobal
